<?xml version="1.0" encoding="utf-8"?>
<Project ToolsVersion="4.0" xmlns="http://schemas.microsoft.com/developer/msbuild/2003">
  <ItemGroup>
    <Filter Include="源文件">
      <UniqueIdentifier>{4FC737F1-C7A5-4376-A066-2A32D752A2FF}</UniqueIdentifier>
      <Extensions>cpp;c;cc;cxx;c++;cppm;ixx;def;odl;idl;hpj;bat;asm;asmx</Extensions>
    </Filter>
    <Filter Include="头文件">
      <UniqueIdentifier>{93995380-89BD-4b04-88EB-625FBE52EBFB}</UniqueIdentifier>
      <Extensions>h;hh;hpp;hxx;h++;hm;inl;inc;ipp;xsd</Extensions>
    </Filter>
    <Filter Include="资源文件">
      <UniqueIdentifier>{67DA6AB6-F800-4c08-8B7A-83BB121AAD01}</UniqueIdentifier>
      <Extensions>rc;ico;cur;bmp;dlg;rc2;rct;bin;rgs;gif;jpg;jpeg;jpe;resx;tiff;tif;png;wav;mfcribbon-ms</Extensions>
    </Filter>
    <Filter Include="Assets">
      <UniqueIdentifier>{f4e94277-09c0-4689-bc4b-66baab94089e}</UniqueIdentifier>
    </Filter>
    <Filter Include="Assets\Shaders">
      <UniqueIdentifier>{811f0fa6-438a-4501-ae60-35d33576f60c}</UniqueIdentifier>
    </Filter>
    <Filter Include="Assets\Textures">
      <UniqueIdentifier>{0b77e41d-34af-48f8-86f0-c274e8af737b}</UniqueIdentifier>
    </Filter>
  </ItemGroup>
  <ItemGroup>
    <None Include="packages.config" />
    <None Include="Assets\Shaders\model.glsl">
      <Filter>Assets\Shaders</Filter>
    </None>
  </ItemGroup>
  <ItemGroup>
    <ClInclude Include="Camera.h">
      <Filter>头文件</Filter>
    </ClInclude>
    <ClInclude Include="Mesh.h">
      <Filter>头文件</Filter>
    </ClInclude>
    <ClInclude Include="OpenGL.h">
      <Filter>头文件</Filter>
    </ClInclude>
    <ClInclude Include="Shader.h">
      <Filter>头文件</Filter>
    </ClInclude>
    <ClInclude Include="Transform.h">
      <Filter>头文件</Filter>
    </ClInclude>
    <ClInclude Include="Window.h">
      <Filter>头文件</Filter>
    </ClInclude>
    <ClInclude Include="PhysicsWorld.h">
      <Filter>头文件</Filter>
    </ClInclude>
    <ClInclude Include="RigidBody.h">
      <Filter>头文件</Filter>
    </ClInclude>
    <ClInclude Include="Scene.h">
      <Filter>头文件</Filter>
    </ClInclude>
    <ClInclude Include="ModelData.h">
      <Filter>头文件</Filter>
    </ClInclude>
    <ClInclude Include="ModelLibrary.h">
      <Filter>头文件</Filter>
    </ClInclude>
    <ClInclude Include="ModelRenderer.h">
      <Filter>头文件</Filter>
    </ClInclude>
    <ClInclude Include="CollisionLibrary.h">
      <Filter>头文件</Filter>
    </ClInclude>
    <ClInclude Include="Material.h">
      <Filter>头文件</Filter>
    </ClInclude>
    <ClInclude Include="Texture.h">
      <Filter>头文件</Filter>
    </ClInclude>
    <ClInclude Include="ShadowMap.h">
      <Filter>头文件</Filter>
    </ClInclude>
    <ClInclude Include="MousePicker.h">
      <Filter>头文件</Filter>
    </ClInclude>
    <ClInclude Include="OutlineEffect.h">
      <Filter>头文件</Filter>
    </ClInclude>
    <ClInclude Include="ImGuiLayer.h">
      <Filter>头文件</Filter>
    </ClInclude>
    <ClInclude Include="ImGuiPanel.h">
      <Filter>头文件</Filter>
    </ClInclude>
    <ClInclude Include="CollisionDebugRenderer.h">
      <Filter>头文件</Filter>
    </ClInclude>
    <ClInclude Include="SoftBody.h">
      <Filter>头文件</Filter>
    </ClInclude>
    <ClInclude Include="SoftMeshLibrary.h">
      <Filter>头文件</Filter>
    </ClInclude>
    <ClInclude Include="SoftGpuBuffer.h">
      <Filter>头文件</Filter>
    </ClInclude>
    <ClInclude Include="SoftDragGpu.h">
      <Filter>头文件</Filter>
    </ClInclude>
  </ItemGroup>
  <ItemGroup>
    <ClCompile Include="main.cpp">
      <Filter>源文件</Filter>
    </ClCompile>
  </ItemGroup>
  <ItemGroup>
    <Image Include="Assets\Textures\checker.png">
      <Filter>Assets\Textures</Filter>
    </Image>
  </ItemGroup>
</Project>