<?xml version="1.0" encoding="utf-8"?>
<Project ToolsVersion="18.0" xmlns="http://schemas.microsoft.com/developer/msbuild/2003">
  <ItemGroup>
    <ClCompile Include="D:\Dev\.cpp\Opengl_Physx\Opengl_Physx\main.cpp">
      <Filter>Source Files</Filter>
    </ClCompile>
    <ClCompile Include="D:\Dev\.cpp\Opengl_Physx\Opengl_Physx\ThirdParty\imgui\imgui.cpp">
      <Filter>Source Files</Filter>
    </ClCompile>
    <ClCompile Include="D:\Dev\.cpp\Opengl_Physx\Opengl_Physx\ThirdParty\imgui\imgui_draw.cpp">
      <Filter>Source Files</Filter>
    </ClCompile>
    <ClCompile Include="D:\Dev\.cpp\Opengl_Physx\Opengl_Physx\ThirdParty\imgui\imgui_tables.cpp">
      <Filter>Source Files</Filter>
    </ClCompile>
    <ClCompile Include="D:\Dev\.cpp\Opengl_Physx\Opengl_Physx\ThirdParty\imgui\imgui_widgets.cpp">
      <Filter>Source Files</Filter>
    </ClCompile>
    <ClCompile Include="D:\Dev\.cpp\Opengl_Physx\Opengl_Physx\ThirdParty\imgui\backends\imgui_impl_glfw.cpp">
      <Filter>Source Files</Filter>
    </ClCompile>
    <ClCompile Include="D:\Dev\.cpp\Opengl_Physx\Opengl_Physx\ThirdParty\imgui\backends\imgui_impl_opengl3.cpp">
      <Filter>Source Files</Filter>
    </ClCompile>
  </ItemGroup>
  <ItemGroup>
    <ClInclude Include="D:\Dev\.cpp\Opengl_Physx\Opengl_Physx\BlastAsset.h">
      <Filter>Header Files</Filter>
    </ClInclude>
    <ClInclude Include="D:\Dev\.cpp\Opengl_Physx\Opengl_Physx\BlastChunkRenderer.h">
      <Filter>Header Files</Filter>
    </ClInclude>
    <ClInclude Include="D:\Dev\.cpp\Opengl_Physx\Opengl_Physx\BlastCollisionLibrary.h">
      <Filter>Header Files</Filter>
    </ClInclude>
    <ClInclude Include="D:\Dev\.cpp\Opengl_Physx\Opengl_Physx\BlastContext.h">
      <Filter>Header Files</Filter>
    </ClInclude>
    <ClInclude Include="D:\Dev\.cpp\Opengl_Physx\Opengl_Physx\BlastLibrary.h">
      <Filter>Header Files</Filter>
    </ClInclude>
    <ClInclude Include="D:\Dev\.cpp\Opengl_Physx\Opengl_Physx\BlastMesh.h">
      <Filter>Header Files</Filter>
    </ClInclude>
    <ClInclude Include="D:\Dev\.cpp\Opengl_Physx\Opengl_Physx\BlastPhysics.h">
      <Filter>Header Files</Filter>
    </ClInclude>
    <ClInclude Include="D:\Dev\.cpp\Opengl_Physx\Opengl_Physx\BlastRuntime.h">
      <Filter>Header Files</Filter>
    </ClInclude>
    <ClInclude Include="D:\Dev\.cpp\Opengl_Physx\Opengl_Physx\BlastScene.h">
      <Filter>Header Files</Filter>
    </ClInclude>
    <ClInclude Include="D:\Dev\.cpp\Opengl_Physx\Opengl_Physx\BlastVoronoi.h">
      <Filter>Header Files</Filter>
    </ClInclude>
    <ClInclude Include="D:\Dev\.cpp\Opengl_Physx\Opengl_Physx\Camera.h">
      <Filter>Header Files</Filter>
    </ClInclude>
    <ClInclude Include="D:\Dev\.cpp\Opengl_Physx\Opengl_Physx\CollisionDebugRenderer.h">
      <Filter>Header Files</Filter>
    </ClInclude>
    <ClInclude Include="D:\Dev\.cpp\Opengl_Physx\Opengl_Physx\CollisionLibrary.h">
      <Filter>Header Files</Filter>
    </ClInclude>
    <ClInclude Include="D:\Dev\.cpp\Opengl_Physx\Opengl_Physx\DebugOverlay.h">
      <Filter>Header Files</Filter>
    </ClInclude>
    <ClInclude Include="D:\Dev\.cpp\Opengl_Physx\Opengl_Physx\ImGuiLayer.h">
      <Filter>Header Files</Filter>
    </ClInclude>
    <ClInclude Include="D:\Dev\.cpp\Opengl_Physx\Opengl_Physx\ImGuiPanel.h">
      <Filter>Header Files</Filter>
    </ClInclude>
    <ClInclude Include="D:\Dev\.cpp\Opengl_Physx\Opengl_Physx\Material.h">
      <Filter>Header Files</Filter>
    </ClInclude>
    <ClInclude Include="D:\Dev\.cpp\Opengl_Physx\Opengl_Physx\Mesh.h">
      <Filter>Header Files</Filter>
    </ClInclude>
    <ClInclude Include="D:\Dev\.cpp\Opengl_Physx\Opengl_Physx\ModelData.h">
      <Filter>Header Files</Filter>
    </ClInclude>
    <ClInclude Include="D:\Dev\.cpp\Opengl_Physx\Opengl_Physx\ModelLibrary.h">
      <Filter>Header Files</Filter>
    </ClInclude>
    <ClInclude Include="D:\Dev\.cpp\Opengl_Physx\Opengl_Physx\ModelRenderer.h">
      <Filter>Header Files</Filter>
    </ClInclude>
    <ClInclude Include="D:\Dev\.cpp\Opengl_Physx\Opengl_Physx\MousePicker.h">
      <Filter>Header Files</Filter>
    </ClInclude>
    <ClInclude Include="D:\Dev\.cpp\Opengl_Physx\Opengl_Physx\OpenGL.h">
      <Filter>Header Files</Filter>
    </ClInclude>
    <ClInclude Include="D:\Dev\.cpp\Opengl_Physx\Opengl_Physx\OutlineEffect.h">
      <Filter>Header Files</Filter>
    </ClInclude>
    <ClInclude Include="D:\Dev\.cpp\Opengl_Physx\Opengl_Physx\PhysicsWorld.h">
      <Filter>Header Files</Filter>
    </ClInclude>
    <ClInclude Include="D:\Dev\.cpp\Opengl_Physx\Opengl_Physx\RigidBody.h">
      <Filter>Header Files</Filter>
    </ClInclude>
    <ClInclude Include="D:\Dev\.cpp\Opengl_Physx\Opengl_Physx\RuntimeFractureWall.h">
      <Filter>Header Files</Filter>
    </ClInclude>
    <ClInclude Include="D:\Dev\.cpp\Opengl_Physx\Opengl_Physx\Scene.h">
      <Filter>Header Files</Filter>
    </ClInclude>
    <ClInclude Include="D:\Dev\.cpp\Opengl_Physx\Opengl_Physx\Shader.h">
      <Filter>Header Files</Filter>
    </ClInclude>
    <ClInclude Include="D:\Dev\.cpp\Opengl_Physx\Opengl_Physx\ShadowMap.h">
      <Filter>Header Files</Filter>
    </ClInclude>
    <ClInclude Include="D:\Dev\.cpp\Opengl_Physx\Opengl_Physx\SoftBody.h">
      <Filter>Header Files</Filter>
    </ClInclude>
    <ClInclude Include="D:\Dev\.cpp\Opengl_Physx\Opengl_Physx\SoftGpuBuffer.h">
      <Filter>Header Files</Filter>
    </ClInclude>
    <ClInclude Include="D:\Dev\.cpp\Opengl_Physx\Opengl_Physx\SoftMeshLibrary.h">
      <Filter>Header Files</Filter>
    </ClInclude>
    <ClInclude Include="D:\Dev\.cpp\Opengl_Physx\Opengl_Physx\Texture.h">
      <Filter>Header Files</Filter>
    </ClInclude>
    <ClInclude Include="D:\Dev\.cpp\Opengl_Physx\Opengl_Physx\Transform.h">
      <Filter>Header Files</Filter>
    </ClInclude>
    <ClInclude Include="D:\Dev\.cpp\Opengl_Physx\Opengl_Physx\Window.h">
      <Filter>Header Files</Filter>
    </ClInclude>
  </ItemGroup>
  <ItemGroup>
    <CustomBuild Include="D:\Dev\.cpp\Opengl_Physx\Opengl_Physx\CMakeLists.txt" />
  </ItemGroup>
  <ItemGroup>
    <Filter Include="Header Files">
      <UniqueIdentifier>{60AFAB15-9110-3838-A845-12C43C7F9788}</UniqueIdentifier>
    </Filter>
    <Filter Include="Source Files">
      <UniqueIdentifier>{1DEA743C-D297-3085-A803-FEA2ABFF53C0}</UniqueIdentifier>
    </Filter>
  </ItemGroup>
</Project>
