<?xml version="1.0" encoding="utf-8"?>
<Project ToolsVersion="18.0" xmlns="http://schemas.microsoft.com/developer/msbuild/2003">
  <ItemGroup>
    <ClCompile Include="D:\Dev\.cpp\Opengl_Physx\Opengl_Physx\src\main.cpp">
      <Filter>Source Files</Filter>
    </ClCompile>
    <ClCompile Include="D:\Dev\.cpp\Opengl_Physx\Opengl_Physx\ThirdParty\imgui\imgui.cpp">
      <Filter>Source Files</Filter>
    </ClCompile>
    <ClCompile Include="D:\Dev\.cpp\Opengl_Physx\Opengl_Physx\ThirdParty\imgui\imgui_draw.cpp">
      <Filter>Source Files</Filter>
    </ClCompile>
    <ClCompile Include="D:\Dev\.cpp\Opengl_Physx\Opengl_Physx\ThirdParty\imgui\imgui_tables.cpp">
      <Filter>Source Files</Filter>
    </ClCompile>
    <ClCompile Include="D:\Dev\.cpp\Opengl_Physx\Opengl_Physx\ThirdParty\imgui\imgui_widgets.cpp">
      <Filter>Source Files</Filter>
    </ClCompile>
    <ClCompile Include="D:\Dev\.cpp\Opengl_Physx\Opengl_Physx\ThirdParty\imgui\backends\imgui_impl_glfw.cpp">
      <Filter>Source Files</Filter>
    </ClCompile>
    <ClCompile Include="D:\Dev\.cpp\Opengl_Physx\Opengl_Physx\ThirdParty\imgui\backends\imgui_impl_opengl3.cpp">
      <Filter>Source Files</Filter>
    </ClCompile>
  </ItemGroup>
  <ItemGroup>
    <ClInclude Include="D:\Dev\.cpp\Opengl_Physx\Opengl_Physx\src\Data\ModelData.h">
      <Filter>Header Files</Filter>
    </ClInclude>
    <ClInclude Include="D:\Dev\.cpp\Opengl_Physx\Opengl_Physx\src\Data\ModelLibrary.h">
      <Filter>Header Files</Filter>
    </ClInclude>
    <ClInclude Include="D:\Dev\.cpp\Opengl_Physx\Opengl_Physx\src\Editor\DebugOverlay.h">
      <Filter>Header Files</Filter>
    </ClInclude>
    <ClInclude Include="D:\Dev\.cpp\Opengl_Physx\Opengl_Physx\src\Editor\ImGuiLayer.h">
      <Filter>Header Files</Filter>
    </ClInclude>
    <ClInclude Include="D:\Dev\.cpp\Opengl_Physx\Opengl_Physx\src\Editor\ImGuiPanel.h">
      <Filter>Header Files</Filter>
    </ClInclude>
    <ClInclude Include="D:\Dev\.cpp\Opengl_Physx\Opengl_Physx\src\Editor\MousePicker.h">
      <Filter>Header Files</Filter>
    </ClInclude>
    <ClInclude Include="D:\Dev\.cpp\Opengl_Physx\Opengl_Physx\src\Graphics\CollisionDebugRenderer.h">
      <Filter>Header Files</Filter>
    </ClInclude>
    <ClInclude Include="D:\Dev\.cpp\Opengl_Physx\Opengl_Physx\src\Graphics\Material.h">
      <Filter>Header Files</Filter>
    </ClInclude>
    <ClInclude Include="D:\Dev\.cpp\Opengl_Physx\Opengl_Physx\src\Graphics\Mesh.h">
      <Filter>Header Files</Filter>
    </ClInclude>
    <ClInclude Include="D:\Dev\.cpp\Opengl_Physx\Opengl_Physx\src\Graphics\ModelRenderer.h">
      <Filter>Header Files</Filter>
    </ClInclude>
    <ClInclude Include="D:\Dev\.cpp\Opengl_Physx\Opengl_Physx\src\Graphics\OutlineEffect.h">
      <Filter>Header Files</Filter>
    </ClInclude>
    <ClInclude Include="D:\Dev\.cpp\Opengl_Physx\Opengl_Physx\src\Graphics\Shader.h">
      <Filter>Header Files</Filter>
    </ClInclude>
    <ClInclude Include="D:\Dev\.cpp\Opengl_Physx\Opengl_Physx\src\Graphics\ShadowMap.h">
      <Filter>Header Files</Filter>
    </ClInclude>
    <ClInclude Include="D:\Dev\.cpp\Opengl_Physx\Opengl_Physx\src\Graphics\Texture.h">
      <Filter>Header Files</Filter>
    </ClInclude>
    <ClInclude Include="D:\Dev\.cpp\Opengl_Physx\Opengl_Physx\src\Physics\Blast\BlastAsset.h">
      <Filter>Header Files</Filter>
    </ClInclude>
    <ClInclude Include="D:\Dev\.cpp\Opengl_Physx\Opengl_Physx\src\Physics\Blast\BlastChunkRenderer.h">
      <Filter>Header Files</Filter>
    </ClInclude>
    <ClInclude Include="D:\Dev\.cpp\Opengl_Physx\Opengl_Physx\src\Physics\Blast\BlastCollisionLibrary.h">
      <Filter>Header Files</Filter>
    </ClInclude>
    <ClInclude Include="D:\Dev\.cpp\Opengl_Physx\Opengl_Physx\src\Physics\Blast\BlastContext.h">
      <Filter>Header Files</Filter>
    </ClInclude>
    <ClInclude Include="D:\Dev\.cpp\Opengl_Physx\Opengl_Physx\src\Physics\Blast\BlastLibrary.h">
      <Filter>Header Files</Filter>
    </ClInclude>
    <ClInclude Include="D:\Dev\.cpp\Opengl_Physx\Opengl_Physx\src\Physics\Blast\BlastMesh.h">
      <Filter>Header Files</Filter>
    </ClInclude>
    <ClInclude Include="D:\Dev\.cpp\Opengl_Physx\Opengl_Physx\src\Physics\Blast\BlastPhysics.h">
      <Filter>Header Files</Filter>
    </ClInclude>
    <ClInclude Include="D:\Dev\.cpp\Opengl_Physx\Opengl_Physx\src\Physics\Blast\BlastRuntime.h">
      <Filter>Header Files</Filter>
    </ClInclude>
    <ClInclude Include="D:\Dev\.cpp\Opengl_Physx\Opengl_Physx\src\Physics\Blast\BlastScene.h">
      <Filter>Header Files</Filter>
    </ClInclude>
    <ClInclude Include="D:\Dev\.cpp\Opengl_Physx\Opengl_Physx\src\Physics\Blast\BlastVoronoi.h">
      <Filter>Header Files</Filter>
    </ClInclude>
    <ClInclude Include="D:\Dev\.cpp\Opengl_Physx\Opengl_Physx\src\Physics\Blast\RuntimeFractureWall.h">
      <Filter>Header Files</Filter>
    </ClInclude>
    <ClInclude Include="D:\Dev\.cpp\Opengl_Physx\Opengl_Physx\src\Physics\Flow\FlowContext.h">
      <Filter>Header Files</Filter>
    </ClInclude>
    <ClInclude Include="D:\Dev\.cpp\Opengl_Physx\Opengl_Physx\src\Physics\Flow\FlowGLInterop.h">
      <Filter>Header Files</Filter>
    </ClInclude>
    <ClInclude Include="D:\Dev\.cpp\Opengl_Physx\Opengl_Physx\src\Physics\Flow\FlowRigidColliders.h">
      <Filter>Header Files</Filter>
    </ClInclude>
    <ClInclude Include="D:\Dev\.cpp\Opengl_Physx\Opengl_Physx\src\Physics\Flow\FlowSimulation.h">
      <Filter>Header Files</Filter>
    </ClInclude>
    <ClInclude Include="D:\Dev\.cpp\Opengl_Physx\Opengl_Physx\src\Physics\Flow\FlowVolumeRenderer.h">
      <Filter>Header Files</Filter>
    </ClInclude>
    <ClInclude Include="D:\Dev\.cpp\Opengl_Physx\Opengl_Physx\src\Physics\Flow\FlowVoxelRenderer.h">
      <Filter>Header Files</Filter>
    </ClInclude>
    <ClInclude Include="D:\Dev\.cpp\Opengl_Physx\Opengl_Physx\src\Physics\Flow\Gpu\FlowVoxelCS_vulkan.hlsl.h">
      <Filter>Header Files</Filter>
    </ClInclude>
    <ClInclude Include="D:\Dev\.cpp\Opengl_Physx\Opengl_Physx\src\Physics\Particle\LiquidGpu.h">
      <Filter>Header Files</Filter>
    </ClInclude>
    <ClInclude Include="D:\Dev\.cpp\Opengl_Physx\Opengl_Physx\src\Physics\Particle\LiquidGpuTimer.h">
      <Filter>Header Files</Filter>
    </ClInclude>
    <ClInclude Include="D:\Dev\.cpp\Opengl_Physx\Opengl_Physx\src\Physics\Particle\LiquidLighting.h">
      <Filter>Header Files</Filter>
    </ClInclude>
    <ClInclude Include="D:\Dev\.cpp\Opengl_Physx\Opengl_Physx\src\Physics\Particle\LiquidParticleCleanup.h">
      <Filter>Header Files</Filter>
    </ClInclude>
    <ClInclude Include="D:\Dev\.cpp\Opengl_Physx\Opengl_Physx\src\Physics\Particle\LiquidParticleCleanupPtx.h">
      <Filter>Header Files</Filter>
    </ClInclude>
    <ClInclude Include="D:\Dev\.cpp\Opengl_Physx\Opengl_Physx\src\Physics\Particle\LiquidSurface.h">
      <Filter>Header Files</Filter>
    </ClInclude>
    <ClInclude Include="D:\Dev\.cpp\Opengl_Physx\Opengl_Physx\src\Physics\Particle\LiquidWhitewater.h">
      <Filter>Header Files</Filter>
    </ClInclude>
    <ClInclude Include="D:\Dev\.cpp\Opengl_Physx\Opengl_Physx\src\Physics\Particle\SandLighting.h">
      <Filter>Header Files</Filter>
    </ClInclude>
    <ClInclude Include="D:\Dev\.cpp\Opengl_Physx\Opengl_Physx\src\Physics\PhysicsWorld\PhysicsWorld.h">
      <Filter>Header Files</Filter>
    </ClInclude>
    <ClInclude Include="D:\Dev\.cpp\Opengl_Physx\Opengl_Physx\src\Physics\RigidBody\CollisionLibrary.h">
      <Filter>Header Files</Filter>
    </ClInclude>
    <ClInclude Include="D:\Dev\.cpp\Opengl_Physx\Opengl_Physx\src\Physics\RigidBody\RigidBody.h">
      <Filter>Header Files</Filter>
    </ClInclude>
    <ClInclude Include="D:\Dev\.cpp\Opengl_Physx\Opengl_Physx\src\Physics\SoftBody\SoftBody.h">
      <Filter>Header Files</Filter>
    </ClInclude>
    <ClInclude Include="D:\Dev\.cpp\Opengl_Physx\Opengl_Physx\src\Physics\SoftBody\SoftGpuBuffer.h">
      <Filter>Header Files</Filter>
    </ClInclude>
    <ClInclude Include="D:\Dev\.cpp\Opengl_Physx\Opengl_Physx\src\Physics\SoftBody\SoftMeshLibrary.h">
      <Filter>Header Files</Filter>
    </ClInclude>
    <ClInclude Include="D:\Dev\.cpp\Opengl_Physx\Opengl_Physx\src\Platform\OpenGL.h">
      <Filter>Header Files</Filter>
    </ClInclude>
    <ClInclude Include="D:\Dev\.cpp\Opengl_Physx\Opengl_Physx\src\Platform\Window.h">
      <Filter>Header Files</Filter>
    </ClInclude>
    <ClInclude Include="D:\Dev\.cpp\Opengl_Physx\Opengl_Physx\src\Scene\Camera.h">
      <Filter>Header Files</Filter>
    </ClInclude>
    <ClInclude Include="D:\Dev\.cpp\Opengl_Physx\Opengl_Physx\src\Scene\Scene.h">
      <Filter>Header Files</Filter>
    </ClInclude>
    <ClInclude Include="D:\Dev\.cpp\Opengl_Physx\Opengl_Physx\src\Scene\Transform.h">
      <Filter>Header Files</Filter>
    </ClInclude>
  </ItemGroup>
  <ItemGroup>
    <CustomBuild Include="D:\Dev\.cpp\Opengl_Physx\Opengl_Physx\CMakeLists.txt" />
  </ItemGroup>
  <ItemGroup>
    <Filter Include="Header Files">
      <UniqueIdentifier>{60AFAB15-9110-3838-A845-12C43C7F9788}</UniqueIdentifier>
    </Filter>
    <Filter Include="Source Files">
      <UniqueIdentifier>{1DEA743C-D297-3085-A803-FEA2ABFF53C0}</UniqueIdentifier>
    </Filter>
  </ItemGroup>
</Project>
